
Microsoft Visual Studio Solution File, Format Version 12.00
# Visual Studio Version 16
VisualStudioVersion = 16.0.30503.244
MinimumVisualStudioVersion = 10.0.40219.1
Project("{FAE04EC0-301F-11D3-BF4B-00C04F79EFBC}") = "MyDropBox", "MyDropBox\MyDropBox.csproj", "{DA70BE9D-6EDB-4A41-93D1-524DA202E1A7}"
EndProject
Global
	GlobalSection(SolutionConfigurationPlatforms) = preSolution
		Debug|Any CPU = Debug|Any CPU
		Release|Any CPU = Release|Any CPU
	EndGlobalSection
	GlobalSection(ProjectConfigurationPlatforms) = postSolution
		{DA70BE9D-6EDB-4A41-93D1-524DA202E1A7}.Debug|Any CPU.ActiveCfg = Debug|Any CPU
		{DA70BE9D-6EDB-4A41-93D1-524DA202E1A7}.Debug|Any CPU.Build.0 = Debug|Any CPU
		{DA70BE9D-6EDB-4A41-93D1-524DA202E1A7}.Release|Any CPU.ActiveCfg = Release|Any CPU
		{DA70BE9D-6EDB-4A41-93D1-524DA202E1A7}.Release|Any CPU.Build.0 = Release|Any CPU
	EndGlobalSection
	GlobalSection(SolutionProperties) = preSolution
		HideSolutionNode = FALSE
	EndGlobalSection
	GlobalSection(ExtensibilityGlobals) = postSolution
		SolutionGuid = {828976F9-6E4C-4B34-9E9C-FCE8918FBC8E}
	EndGlobalSection
EndGlobal
